// !$*UTF8*$!
{
	archiveVersion = 1;
	classes = {
	};
	objectVersion = 46;
	objects = {

/* Begin PBXBuildFile section */
		0D8E843B1437DD0800BFF5F3 /* UIKit.framework in Frameworks */ = {isa = PBXBuildFile; fileRef = 0D8E843A1437DD0800BFF5F3 /* UIKit.framework */; };
		0D8E843D1437DD0800BFF5F3 /* Foundation.framework in Frameworks */ = {isa = PBXBuildFile; fileRef = 0D8E843C1437DD0800BFF5F3 /* Foundation.framework */; };
		0D8E843F1437DD0800BFF5F3 /* CoreGraphics.framework in Frameworks */ = {isa = PBXBuildFile; fileRef = 0D8E843E1437DD0800BFF5F3 /* CoreGraphics.framework */; };
		0D8E84451437DD0800BFF5F3 /* InfoPlist.strings in Resources */ = {isa = PBXBuildFile; fileRef = 0D8E84431437DD0800BFF5F3 /* InfoPlist.strings */; };
		0D8E84471437DD0800BFF5F3 /* main.m in Sources */ = {isa = PBXBuildFile; fileRef = 0D8E84461437DD0800BFF5F3 /* main.m */; };
		0D8E844B1437DD0800BFF5F3 /* EKEvent_DemoAppDelegate.m in Sources */ = {isa = PBXBuildFile; fileRef = 0D8E844A1437DD0800BFF5F3 /* EKEvent_DemoAppDelegate.m */; };
		0D8E844E1437DD0800BFF5F3 /* MainWindow.xib in Resources */ = {isa = PBXBuildFile; fileRef = 0D8E844C1437DD0800BFF5F3 /* MainWindow.xib */; };
		0D8E84511437DD0800BFF5F3 /* EKEvent_DemoViewController.m in Sources */ = {isa = PBXBuildFile; fileRef = 0D8E84501437DD0800BFF5F3 /* EKEvent_DemoViewController.m */; };
		0D8E84541437DD0800BFF5F3 /* EKEvent_DemoViewController.xib in Resources */ = {isa = PBXBuildFile; fileRef = 0D8E84521437DD0800BFF5F3 /* EKEvent_DemoViewController.xib */; };
		0D8E845F1437E0CB00BFF5F3 /* EventKit.framework in Frameworks */ = {isa = PBXBuildFile; fileRef = 0D8E845E1437E0CB00BFF5F3 /* EventKit.framework */; };
/* End PBXBuildFile section */

/* Begin PBXFileReference section */
		0D8E84361437DD0800BFF5F3 /* EKEvent Demo.app */ = {isa = PBXFileReference; explicitFileType = wrapper.application; includeInIndex = 0; path = "EKEvent Demo.app"; sourceTree = BUILT_PRODUCTS_DIR; };
		0D8E843A1437DD0800BFF5F3 /* UIKit.framework */ = {isa = PBXFileReference; lastKnownFileType = wrapper.framework; name = UIKit.framework; path = System/Library/Frameworks/UIKit.framework; sourceTree = SDKROOT; };
		0D8E843C1437DD0800BFF5F3 /* Foundation.framework */ = {isa = PBXFileReference; lastKnownFileType = wrapper.framework; name = Foundation.framework; path = System/Library/Frameworks/Foundation.framework; sourceTree = SDKROOT; };
		0D8E843E1437DD0800BFF5F3 /* CoreGraphics.framework */ = {isa = PBXFileReference; lastKnownFileType = wrapper.framework; name = CoreGraphics.framework; path = System/Library/Frameworks/CoreGraphics.framework; sourceTree = SDKROOT; };
		0D8E84421437DD0800BFF5F3 /* EKEvent Demo-Info.plist */ = {isa = PBXFileReference; lastKnownFileType = text.plist.xml; path = "EKEvent Demo-Info.plist"; sourceTree = "<group>"; };
		0D8E84441437DD0800BFF5F3 /* en */ = {isa = PBXFileReference; lastKnownFileType = text.plist.strings; name = en; path = en.lproj/InfoPlist.strings; sourceTree = "<group>"; };
		0D8E84461437DD0800BFF5F3 /* main.m */ = {isa = PBXFileReference; lastKnownFileType = sourcecode.c.objc; path = main.m; sourceTree = "<group>"; };
		0D8E84481437DD0800BFF5F3 /* EKEvent Demo-Prefix.pch */ = {isa = PBXFileReference; lastKnownFileType = sourcecode.c.h; path = "EKEvent Demo-Prefix.pch"; sourceTree = "<group>"; };
		0D8E84491437DD0800BFF5F3 /* EKEvent_DemoAppDelegate.h */ = {isa = PBXFileReference; lastKnownFileType = sourcecode.c.h; path = EKEvent_DemoAppDelegate.h; sourceTree = "<group>"; };
		0D8E844A1437DD0800BFF5F3 /* EKEvent_DemoAppDelegate.m */ = {isa = PBXFileReference; lastKnownFileType = sourcecode.c.objc; path = EKEvent_DemoAppDelegate.m; sourceTree = "<group>"; };
		0D8E844D1437DD0800BFF5F3 /* en */ = {isa = PBXFileReference; lastKnownFileType = file.xib; name = en; path = en.lproj/MainWindow.xib; sourceTree = "<group>"; };
		0D8E844F1437DD0800BFF5F3 /* EKEvent_DemoViewController.h */ = {isa = PBXFileReference; lastKnownFileType = sourcecode.c.h; path = EKEvent_DemoViewController.h; sourceTree = "<group>"; };
		0D8E84501437DD0800BFF5F3 /* EKEvent_DemoViewController.m */ = {isa = PBXFileReference; lastKnownFileType = sourcecode.c.objc; path = EKEvent_DemoViewController.m; sourceTree = "<group>"; };
		0D8E84531437DD0800BFF5F3 /* en */ = {isa = PBXFileReference; lastKnownFileType = file.xib; name = en; path = en.lproj/EKEvent_DemoViewController.xib; sourceTree = "<group>"; };
		0D8E845E1437E0CB00BFF5F3 /* EventKit.framework */ = {isa = PBXFileReference; lastKnownFileType = wrapper.framework; name = EventKit.framework; path = System/Library/Frameworks/EventKit.framework; sourceTree = SDKROOT; };
/* End PBXFileReference section */

/* Begin PBXFrameworksBuildPhase section */
		0D8E84331437DD0800BFF5F3 /* Frameworks */ = {
			isa = PBXFrameworksBuildPhase;
			buildActionMask = 2147483647;
			files = (
				0D8E845F1437E0CB00BFF5F3 /* EventKit.framework in Frameworks */,
				0D8E843B1437DD0800BFF5F3 /* UIKit.framework in Frameworks */,
				0D8E843D1437DD0800BFF5F3 /* Foundation.framework in Frameworks */,
				0D8E843F1437DD0800BFF5F3 /* CoreGraphics.framework in Frameworks */,
			);
			runOnlyForDeploymentPostprocessing = 0;
		};
/* End PBXFrameworksBuildPhase section */

/* Begin PBXGroup section */
		0D8E842B1437DD0800BFF5F3 = {
			isa = PBXGroup;
			children = (
				0D8E84401437DD0800BFF5F3 /* EKEvent Demo */,
				0D8E84391437DD0800BFF5F3 /* Frameworks */,
				0D8E84371437DD0800BFF5F3 /* Products */,
			);
			sourceTree = "<group>";
		};
		0D8E84371437DD0800BFF5F3 /* Products */ = {
			isa = PBXGroup;
			children = (
				0D8E84361437DD0800BFF5F3 /* EKEvent Demo.app */,
			);
			name = Products;
			sourceTree = "<group>";
		};
		0D8E84391437DD0800BFF5F3 /* Frameworks */ = {
			isa = PBXGroup;
			children = (
				0D8E845E1437E0CB00BFF5F3 /* EventKit.framework */,
				0D8E843A1437DD0800BFF5F3 /* UIKit.framework */,
				0D8E843C1437DD0800BFF5F3 /* Foundation.framework */,
				0D8E843E1437DD0800BFF5F3 /* CoreGraphics.framework */,
			);
			name = Frameworks;
			sourceTree = "<group>";
		};
		0D8E84401437DD0800BFF5F3 /* EKEvent Demo */ = {
			isa = PBXGroup;
			children = (
				0D8E84491437DD0800BFF5F3 /* EKEvent_DemoAppDelegate.h */,
				0D8E844A1437DD0800BFF5F3 /* EKEvent_DemoAppDelegate.m */,
				0D8E844C1437DD0800BFF5F3 /* MainWindow.xib */,
				0D8E844F1437DD0800BFF5F3 /* EKEvent_DemoViewController.h */,
				0D8E84501437DD0800BFF5F3 /* EKEvent_DemoViewController.m */,
				0D8E84521437DD0800BFF5F3 /* EKEvent_DemoViewController.xib */,
				0D8E84411437DD0800BFF5F3 /* Supporting Files */,
			);
			path = "EKEvent Demo";
			sourceTree = "<group>";
		};
		0D8E84411437DD0800BFF5F3 /* Supporting Files */ = {
			isa = PBXGroup;
			children = (
				0D8E84421437DD0800BFF5F3 /* EKEvent Demo-Info.plist */,
				0D8E84431437DD0800BFF5F3 /* InfoPlist.strings */,
				0D8E84461437DD0800BFF5F3 /* main.m */,
				0D8E84481437DD0800BFF5F3 /* EKEvent Demo-Prefix.pch */,
			);
			name = "Supporting Files";
			sourceTree = "<group>";
		};
/* End PBXGroup section */

/* Begin PBXNativeTarget section */
		0D8E84351437DD0800BFF5F3 /* EKEvent Demo */ = {
			isa = PBXNativeTarget;
			buildConfigurationList = 0D8E84571437DD0800BFF5F3 /* Build configuration list for PBXNativeTarget "EKEvent Demo" */;
			buildPhases = (
				0D8E84321437DD0800BFF5F3 /* Sources */,
				0D8E84331437DD0800BFF5F3 /* Frameworks */,
				0D8E84341437DD0800BFF5F3 /* Resources */,
			);
			buildRules = (
			);
			dependencies = (
			);
			name = "EKEvent Demo";
			productName = "EKEvent Demo";
			productReference = 0D8E84361437DD0800BFF5F3 /* EKEvent Demo.app */;
			productType = "com.apple.product-type.application";
		};
/* End PBXNativeTarget section */

/* Begin PBXProject section */
		0D8E842D1437DD0800BFF5F3 /* Project object */ = {
			isa = PBXProject;
			attributes = {
				ORGANIZATIONNAME = RIT;
			};
			buildConfigurationList = 0D8E84301437DD0800BFF5F3 /* Build configuration list for PBXProject "EKEvent Demo" */;
			compatibilityVersion = "Xcode 3.2";
			developmentRegion = English;
			hasScannedForEncodings = 0;
			knownRegions = (
				en,
			);
			mainGroup = 0D8E842B1437DD0800BFF5F3;
			productRefGroup = 0D8E84371437DD0800BFF5F3 /* Products */;
			projectDirPath = "";
			projectRoot = "";
			targets = (
				0D8E84351437DD0800BFF5F3 /* EKEvent Demo */,
			);
		};
/* End PBXProject section */

/* Begin PBXResourcesBuildPhase section */
		0D8E84341437DD0800BFF5F3 /* Resources */ = {
			isa = PBXResourcesBuildPhase;
			buildActionMask = 2147483647;
			files = (
				0D8E84451437DD0800BFF5F3 /* InfoPlist.strings in Resources */,
				0D8E844E1437DD0800BFF5F3 /* MainWindow.xib in Resources */,
				0D8E84541437DD0800BFF5F3 /* EKEvent_DemoViewController.xib in Resources */,
			);
			runOnlyForDeploymentPostprocessing = 0;
		};
/* End PBXResourcesBuildPhase section */

/* Begin PBXSourcesBuildPhase section */
		0D8E84321437DD0800BFF5F3 /* Sources */ = {
			isa = PBXSourcesBuildPhase;
			buildActionMask = 2147483647;
			files = (
				0D8E84471437DD0800BFF5F3 /* main.m in Sources */,
				0D8E844B1437DD0800BFF5F3 /* EKEvent_DemoAppDelegate.m in Sources */,
				0D8E84511437DD0800BFF5F3 /* EKEvent_DemoViewController.m in Sources */,
			);
			runOnlyForDeploymentPostprocessing = 0;
		};
/* End PBXSourcesBuildPhase section */

/* Begin PBXVariantGroup section */
		0D8E84431437DD0800BFF5F3 /* InfoPlist.strings */ = {
			isa = PBXVariantGroup;
			children = (
				0D8E84441437DD0800BFF5F3 /* en */,
			);
			name = InfoPlist.strings;
			sourceTree = "<group>";
		};
		0D8E844C1437DD0800BFF5F3 /* MainWindow.xib */ = {
			isa = PBXVariantGroup;
			children = (
				0D8E844D1437DD0800BFF5F3 /* en */,
			);
			name = MainWindow.xib;
			sourceTree = "<group>";
		};
		0D8E84521437DD0800BFF5F3 /* EKEvent_DemoViewController.xib */ = {
			isa = PBXVariantGroup;
			children = (
				0D8E84531437DD0800BFF5F3 /* en */,
			);
			name = EKEvent_DemoViewController.xib;
			sourceTree = "<group>";
		};
/* End PBXVariantGroup section */

/* Begin XCBuildConfiguration section */
		0D8E84551437DD0800BFF5F3 /* Debug */ = {
			isa = XCBuildConfiguration;
			buildSettings = {
				ALWAYS_SEARCH_USER_PATHS = NO;
				ARCHS = "$(ARCHS_STANDARD_32_BIT)";
				"CODE_SIGN_IDENTITY[sdk=iphoneos*]" = "iPhone Developer";
				COPY_PHASE_STRIP = NO;
				GCC_C_LANGUAGE_STANDARD = gnu99;
				GCC_DYNAMIC_NO_PIC = NO;
				GCC_OPTIMIZATION_LEVEL = 0;
				GCC_PREPROCESSOR_DEFINITIONS = (
					"DEBUG=1",
					"$(inherited)",
				);
				GCC_SYMBOLS_PRIVATE_EXTERN = NO;
				GCC_VERSION = com.apple.compilers.llvmgcc42;
				GCC_WARN_ABOUT_MISSING_PROTOTYPES = YES;
				GCC_WARN_ABOUT_RETURN_TYPE = YES;
				GCC_WARN_UNUSED_VARIABLE = YES;
				IPHONEOS_DEPLOYMENT_TARGET = 4.3;
				SDKROOT = iphoneos;
			};
			name = Debug;
		};
		0D8E84561437DD0800BFF5F3 /* Release */ = {
			isa = XCBuildConfiguration;
			buildSettings = {
				ALWAYS_SEARCH_USER_PATHS = NO;
				ARCHS = "$(ARCHS_STANDARD_32_BIT)";
				"CODE_SIGN_IDENTITY[sdk=iphoneos*]" = "iPhone Developer";
				COPY_PHASE_STRIP = YES;
				GCC_C_LANGUAGE_STANDARD = gnu99;
				GCC_VERSION = com.apple.compilers.llvmgcc42;
				GCC_WARN_ABOUT_MISSING_PROTOTYPES = YES;
				GCC_WARN_ABOUT_RETURN_TYPE = YES;
				GCC_WARN_UNUSED_VARIABLE = YES;
				IPHONEOS_DEPLOYMENT_TARGET = 4.3;
				OTHER_CFLAGS = "-DNS_BLOCK_ASSERTIONS=1";
				SDKROOT = iphoneos;
				VALIDATE_PRODUCT = YES;
			};
			name = Release;
		};
		0D8E84581437DD0800BFF5F3 /* Debug */ = {
			isa = XCBuildConfiguration;
			buildSettings = {
				GCC_PRECOMPILE_PREFIX_HEADER = YES;
				GCC_PREFIX_HEADER = "EKEvent Demo/EKEvent Demo-Prefix.pch";
				INFOPLIST_FILE = "EKEvent Demo/EKEvent Demo-Info.plist";
				PRODUCT_NAME = "$(TARGET_NAME)";
				WRAPPER_EXTENSION = app;
			};
			name = Debug;
		};
		0D8E84591437DD0800BFF5F3 /* Release */ = {
			isa = XCBuildConfiguration;
			buildSettings = {
				GCC_PRECOMPILE_PREFIX_HEADER = YES;
				GCC_PREFIX_HEADER = "EKEvent Demo/EKEvent Demo-Prefix.pch";
				INFOPLIST_FILE = "EKEvent Demo/EKEvent Demo-Info.plist";
				PRODUCT_NAME = "$(TARGET_NAME)";
				WRAPPER_EXTENSION = app;
			};
			name = Release;
		};
/* End XCBuildConfiguration section */

/* Begin XCConfigurationList section */
		0D8E84301437DD0800BFF5F3 /* Build configuration list for PBXProject "EKEvent Demo" */ = {
			isa = XCConfigurationList;
			buildConfigurations = (
				0D8E84551437DD0800BFF5F3 /* Debug */,
				0D8E84561437DD0800BFF5F3 /* Release */,
			);
			defaultConfigurationIsVisible = 0;
			defaultConfigurationName = Release;
		};
		0D8E84571437DD0800BFF5F3 /* Build configuration list for PBXNativeTarget "EKEvent Demo" */ = {
			isa = XCConfigurationList;
			buildConfigurations = (
				0D8E84581437DD0800BFF5F3 /* Debug */,
				0D8E84591437DD0800BFF5F3 /* Release */,
			);
			defaultConfigurationIsVisible = 0;
			defaultConfigurationName = Release;
		};
/* End XCConfigurationList section */
	};
	rootObject = 0D8E842D1437DD0800BFF5F3 /* Project object */;
}
